
Microsoft Visual Studio Solution File, Format Version 12.00
# Visual Studio Version 17
VisualStudioVersion = 17.0.31903.59
MinimumVisualStudioVersion = 10.0.40219.1
Project("{FAE04EC0-301F-11D3-BF4B-00C04F79EFBC}") = "XamppRecoveryTool", "XamppRecoveryTool\XamppRecoveryTool.csproj", "{62F8FD84-F9E4-4200-B1CD-E7D97115447E}"
EndProject
Project("{FAE04EC0-301F-11D3-BF4B-00C04F79EFBC}") = "XamppRecoveryTool.Checks", "XamppRecoveryTool.Checks\XamppRecoveryTool.Checks.csproj", "{0EB0DC50-9CAA-4930-B0A7-A1C018283598}"
EndProject
Global
	GlobalSection(SolutionConfigurationPlatforms) = preSolution
		Debug|Any CPU = Debug|Any CPU
		Debug|x64 = Debug|x64
		Debug|x86 = Debug|x86
		Release|Any CPU = Release|Any CPU
		Release|x64 = Release|x64
		Release|x86 = Release|x86
	EndGlobalSection
	GlobalSection(ProjectConfigurationPlatforms) = postSolution
		{62F8FD84-F9E4-4200-B1CD-E7D97115447E}.Debug|Any CPU.ActiveCfg = Debug|Any CPU
		{62F8FD84-F9E4-4200-B1CD-E7D97115447E}.Debug|Any CPU.Build.0 = Debug|Any CPU
		{62F8FD84-F9E4-4200-B1CD-E7D97115447E}.Debug|x64.ActiveCfg = Debug|Any CPU
		{62F8FD84-F9E4-4200-B1CD-E7D97115447E}.Debug|x64.Build.0 = Debug|Any CPU
		{62F8FD84-F9E4-4200-B1CD-E7D97115447E}.Debug|x86.ActiveCfg = Debug|Any CPU
		{62F8FD84-F9E4-4200-B1CD-E7D97115447E}.Debug|x86.Build.0 = Debug|Any CPU
		{62F8FD84-F9E4-4200-B1CD-E7D97115447E}.Release|Any CPU.ActiveCfg = Release|Any CPU
		{62F8FD84-F9E4-4200-B1CD-E7D97115447E}.Release|Any CPU.Build.0 = Release|Any CPU
		{62F8FD84-F9E4-4200-B1CD-E7D97115447E}.Release|x64.ActiveCfg = Release|Any CPU
		{62F8FD84-F9E4-4200-B1CD-E7D97115447E}.Release|x64.Build.0 = Release|Any CPU
		{62F8FD84-F9E4-4200-B1CD-E7D97115447E}.Release|x86.ActiveCfg = Release|Any CPU
		{62F8FD84-F9E4-4200-B1CD-E7D97115447E}.Release|x86.Build.0 = Release|Any CPU
		{0EB0DC50-9CAA-4930-B0A7-A1C018283598}.Debug|Any CPU.ActiveCfg = Debug|Any CPU
		{0EB0DC50-9CAA-4930-B0A7-A1C018283598}.Debug|Any CPU.Build.0 = Debug|Any CPU
		{0EB0DC50-9CAA-4930-B0A7-A1C018283598}.Debug|x64.ActiveCfg = Debug|Any CPU
		{0EB0DC50-9CAA-4930-B0A7-A1C018283598}.Debug|x64.Build.0 = Debug|Any CPU
		{0EB0DC50-9CAA-4930-B0A7-A1C018283598}.Debug|x86.ActiveCfg = Debug|Any CPU
		{0EB0DC50-9CAA-4930-B0A7-A1C018283598}.Debug|x86.Build.0 = Debug|Any CPU
		{0EB0DC50-9CAA-4930-B0A7-A1C018283598}.Release|Any CPU.ActiveCfg = Release|Any CPU
		{0EB0DC50-9CAA-4930-B0A7-A1C018283598}.Release|Any CPU.Build.0 = Release|Any CPU
		{0EB0DC50-9CAA-4930-B0A7-A1C018283598}.Release|x64.ActiveCfg = Release|Any CPU
		{0EB0DC50-9CAA-4930-B0A7-A1C018283598}.Release|x64.Build.0 = Release|Any CPU
		{0EB0DC50-9CAA-4930-B0A7-A1C018283598}.Release|x86.ActiveCfg = Release|Any CPU
		{0EB0DC50-9CAA-4930-B0A7-A1C018283598}.Release|x86.Build.0 = Release|Any CPU
	EndGlobalSection
	GlobalSection(SolutionProperties) = preSolution
		HideSolutionNode = FALSE
	EndGlobalSection
EndGlobal
